{
  "object": {
    "pins": [
      {
        "package": "BinarySwiftSyntax",
        "repositoryURL": "https://github.com/omochi/BinarySwiftSyntax",
        "state": {
          "branch": "main",
          "revision": "09f048537e6ad197f68fa9eab5070c59ccc64851",
          "version": null
        }
      },
      {
        "package": "SwiftSyntax",
        "repositoryURL": "https://github.com/apple/swift-syntax",
        "state": {
          "branch": null,
          "revision": "2fff9fc25cdc059379b6bd309377cfab45d8520c",
          "version": "0.50400.0"
        }
      },
      {
        "package": "SwiftTypeReader",
        "repositoryURL": "https://github.com/omochi/SwiftTypeReader",
        "state": {
          "branch": "main",
          "revision": "26da7c2580b7134fd2a447c6a00c5a5b121cd0a4",
          "version": null
        }
      }
    ]
  },
  "version": 1
}
