{
  "pins" : [
    {
      "identity" : "swift-collections",
      "kind" : "remoteSourceControl",
      "location" : "https://github.com/apple/swift-collections",
      "state" : {
        "revision" : "937e904258d22af6e447a0b72c0bc67583ef64a2",
        "version" : "1.0.4"
      }
    },
    {
      "identity" : "swift-syntax",
      "kind" : "remoteSourceControl",
      "location" : "https://github.com/apple/swift-syntax",
      "state" : {
        "revision" : "74203046135342e4a4a627476dd6caf8b28fe11b",
        "version" : "509.0.0"
      }
    },
    {
      "identity" : "swifttypereader",
      "kind" : "remoteSourceControl",
      "location" : "https://github.com/omochi/SwiftTypeReader",
      "state" : {
        "revision" : "d21bbe0e0598d1a9a80718f19ea7081053986e1c",
        "version" : "2.7.0"
      }
    },
    {
      "identity" : "typescriptast",
      "kind" : "remoteSourceControl",
      "location" : "https://github.com/omochi/TypeScriptAST",
      "state" : {
        "revision" : "d454923c7deba1fc6a9b04404e2cc5557b34a36c",
        "version" : "1.8.6"
      }
    }
  ],
  "version" : 2
}
