{
  "object": {
    "pins": [
      {
        "package": "BinarySwiftSyntax",
        "repositoryURL": "https://github.com/omochi/BinarySwiftSyntax",
        "state": {
          "branch": "main",
          "revision": "09f048537e6ad197f68fa9eab5070c59ccc64851",
          "version": null
        }
      },
      {
        "package": "SwiftTypeReader",
        "repositoryURL": "https://github.com/omochi/SwiftTypeReader",
        "state": {
          "branch": "main",
          "revision": "540ab46ec5baa0d7bfcf09106b63f22dadcb6d7b",
          "version": null
        }
      }
    ]
  },
  "version": 1
}
